
Microsoft Visual Studio Solution File, Format Version 12.00
# Visual Studio Version 17
VisualStudioVersion = 17.5.33424.131
MinimumVisualStudioVersion = 10.0.40219.1
Project("{8BC9CEB8-8B4A-11D0-8D11-00A0C91BC942}") = "search_the_alien", "search_the_alien\search_the_alien.vcxproj", "{EEEC7327-7488-487A-8283-9215007348EA}"
EndProject
Global
	GlobalSection(SolutionConfigurationPlatforms) = preSolution
		Debug|x64 = Debug|x64
		Debug|x86 = Debug|x86
		Release|x64 = Release|x64
		Release|x86 = Release|x86
	EndGlobalSection
	GlobalSection(ProjectConfigurationPlatforms) = postSolution
		{EEEC7327-7488-487A-8283-9215007348EA}.Debug|x64.ActiveCfg = Debug|x64
		{EEEC7327-7488-487A-8283-9215007348EA}.Debug|x64.Build.0 = Debug|x64
		{EEEC7327-7488-487A-8283-9215007348EA}.Debug|x86.ActiveCfg = Debug|Win32
		{EEEC7327-7488-487A-8283-9215007348EA}.Debug|x86.Build.0 = Debug|Win32
		{EEEC7327-7488-487A-8283-9215007348EA}.Release|x64.ActiveCfg = Release|x64
		{EEEC7327-7488-487A-8283-9215007348EA}.Release|x64.Build.0 = Release|x64
		{EEEC7327-7488-487A-8283-9215007348EA}.Release|x86.ActiveCfg = Release|Win32
		{EEEC7327-7488-487A-8283-9215007348EA}.Release|x86.Build.0 = Release|Win32
	EndGlobalSection
	GlobalSection(SolutionProperties) = preSolution
		HideSolutionNode = FALSE
	EndGlobalSection
	GlobalSection(ExtensibilityGlobals) = postSolution
		SolutionGuid = {C39B8238-C311-4E58-8522-1C1469765EB3}
	EndGlobalSection
EndGlobal
